
Microsoft Visual Studio Solution File, Format Version 12.00
# Visual Studio Version 17
VisualStudioVersion = 17.6.33723.286
MinimumVisualStudioVersion = 10.0.40219.1
Project("{FAE04EC0-301F-11D3-BF4B-00C04F79EFBC}") = "Atividade07_Cadastro_Usuarios", "Atividade07_Cadastro_Usuarios.csproj", "{3F59E11C-D168-4E23-860B-55DC402DDC7A}"
EndProject
Global
	GlobalSection(SolutionConfigurationPlatforms) = preSolution
		Debug|Any CPU = Debug|Any CPU
		Release|Any CPU = Release|Any CPU
	EndGlobalSection
	GlobalSection(ProjectConfigurationPlatforms) = postSolution
		{3F59E11C-D168-4E23-860B-55DC402DDC7A}.Debug|Any CPU.ActiveCfg = Debug|Any CPU
		{3F59E11C-D168-4E23-860B-55DC402DDC7A}.Debug|Any CPU.Build.0 = Debug|Any CPU
		{3F59E11C-D168-4E23-860B-55DC402DDC7A}.Release|Any CPU.ActiveCfg = Release|Any CPU
		{3F59E11C-D168-4E23-860B-55DC402DDC7A}.Release|Any CPU.Build.0 = Release|Any CPU
	EndGlobalSection
	GlobalSection(SolutionProperties) = preSolution
		HideSolutionNode = FALSE
	EndGlobalSection
	GlobalSection(ExtensibilityGlobals) = postSolution
		SolutionGuid = {22533050-A5B5-4E03-905F-0BA3B6354FC8}
	EndGlobalSection
EndGlobal
